
Microsoft Visual Studio Solution File, Format Version 12.00
# Visual Studio 15
Project("{FAE04EC0-301F-11D3-BF4B-00C04F79EFBC}") = "UnityEngine.UI", "UnityEngine.UI.csproj", "{E023EE60-95BA-FEE9-0A38-2C30C77AF104}"
EndProject
Project("{FAE04EC0-301F-11D3-BF4B-00C04F79EFBC}") = "UnityEngine.TestRunner", "UnityEngine.TestRunner.csproj", "{E34CB20D-C384-44D4-53F9-B3E22B1C0D98}"
EndProject
Project("{FAE04EC0-301F-11D3-BF4B-00C04F79EFBC}") = "Assembly-CSharp-firstpass", "Assembly-CSharp-firstpass.csproj", "{F79D5E95-EB14-9B53-AF17-9B11B3AC8369}"
EndProject
Project("{FAE04EC0-301F-11D3-BF4B-00C04F79EFBC}") = "Unity.Timeline", "Unity.Timeline.csproj", "{24EB5927-0581-643B-EFB8-B8153DFBF4A1}"
EndProject
Project("{FAE04EC0-301F-11D3-BF4B-00C04F79EFBC}") = "Assembly-CSharp", "Assembly-CSharp.csproj", "{18AC091C-B59F-749F-C75A-137B8C10DF58}"
EndProject
Project("{FAE04EC0-301F-11D3-BF4B-00C04F79EFBC}") = "Unity.TextMeshPro", "Unity.TextMeshPro.csproj", "{579C5D86-42BC-2CE4-B512-CA13C77581A8}"
EndProject
Project("{FAE04EC0-301F-11D3-BF4B-00C04F79EFBC}") = "Unity.Timeline.Editor", "Unity.Timeline.Editor.csproj", "{B99083A0-3ED3-6DA5-7F4D-BF2289BBCCB9}"
EndProject
Project("{FAE04EC0-301F-11D3-BF4B-00C04F79EFBC}") = "UnityEditor.TestRunner", "UnityEditor.TestRunner.csproj", "{1162FC5D-5FBD-4D4D-5932-444309C5CF41}"
EndProject
Project("{FAE04EC0-301F-11D3-BF4B-00C04F79EFBC}") = "UnityEditor.UI", "UnityEditor.UI.csproj", "{F9F051AF-8497-E837-3FF5-4B86308F1745}"
EndProject
Project("{FAE04EC0-301F-11D3-BF4B-00C04F79EFBC}") = "Unity.VisualStudio.Editor", "Unity.VisualStudio.Editor.csproj", "{149B6A80-87EF-37A9-0A1C-52CA6596638F}"
EndProject
Project("{FAE04EC0-301F-11D3-BF4B-00C04F79EFBC}") = "Unity.TextMeshPro.Editor", "Unity.TextMeshPro.Editor.csproj", "{C12373BD-9FED-F1DB-5A0B-B40922F4BDA6}"
EndProject
Project("{FAE04EC0-301F-11D3-BF4B-00C04F79EFBC}") = "Unity.CollabProxy.Editor", "Unity.CollabProxy.Editor.csproj", "{B41ACEBC-93F6-B004-666C-089152E86D86}"
EndProject
Project("{FAE04EC0-301F-11D3-BF4B-00C04F79EFBC}") = "Unity.VSCode.Editor", "Unity.VSCode.Editor.csproj", "{7FA76993-921F-DAA3-D43C-873AD0638174}"
EndProject
Project("{FAE04EC0-301F-11D3-BF4B-00C04F79EFBC}") = "Unity.Rider.Editor", "Unity.Rider.Editor.csproj", "{DBD233A6-2424-398D-4DCC-39D631F4CD5E}"
EndProject
Project("{FAE04EC0-301F-11D3-BF4B-00C04F79EFBC}") = "Assembly-CSharp-Editor-firstpass", "Assembly-CSharp-Editor-firstpass.csproj", "{B07DF5BB-BCC7-04EB-22CF-D667E1DEDC9B}"
EndProject
Project("{FAE04EC0-301F-11D3-BF4B-00C04F79EFBC}") = "UnityEngine.UI", "UnityEngine.UI.Player.csproj", "{B4171477-CFE8-07EF-1928-4B698CCF764E}"
EndProject
Project("{FAE04EC0-301F-11D3-BF4B-00C04F79EFBC}") = "UnityEngine.TestRunner", "UnityEngine.TestRunner.Player.csproj", "{FDB966E8-89B0-8FEC-C216-3FCEF904533E}"
EndProject
Project("{FAE04EC0-301F-11D3-BF4B-00C04F79EFBC}") = "Assembly-CSharp-firstpass", "Assembly-CSharp-firstpass.Player.csproj", "{58BE7CA8-B91F-F1DC-B6C0-849FE2745FE0}"
EndProject
Project("{FAE04EC0-301F-11D3-BF4B-00C04F79EFBC}") = "Unity.Timeline", "Unity.Timeline.Player.csproj", "{C5AE7FA3-4845-2D18-D7CA-CB5D136C2845}"
EndProject
Project("{FAE04EC0-301F-11D3-BF4B-00C04F79EFBC}") = "Assembly-CSharp", "Assembly-CSharp.Player.csproj", "{26BEC9A8-AEAB-8D1F-0594-322B4A88FEEF}"
EndProject
Project("{FAE04EC0-301F-11D3-BF4B-00C04F79EFBC}") = "Unity.TextMeshPro", "Unity.TextMeshPro.Player.csproj", "{B0A801D0-988E-13D1-64CF-1B4AEF11A9F5}"
EndProject
Global
	GlobalSection(SolutionConfigurationPlatforms) = preSolution
		Debug|Any CPU = Debug|Any CPU
		Release|Any CPU = Release|Any CPU
	EndGlobalSection
	GlobalSection(ProjectConfigurationPlatforms) = postSolution
		{E023EE60-95BA-FEE9-0A38-2C30C77AF104}.Debug|Any CPU.ActiveCfg = Debug|Any CPU
		{E023EE60-95BA-FEE9-0A38-2C30C77AF104}.Debug|Any CPU.Build.0 = Debug|Any CPU
		{E023EE60-95BA-FEE9-0A38-2C30C77AF104}.Release|Any CPU.ActiveCfg = Release|Any CPU
		{E023EE60-95BA-FEE9-0A38-2C30C77AF104}.Release|Any CPU.Build.0 = Release|Any CPU
		{E34CB20D-C384-44D4-53F9-B3E22B1C0D98}.Debug|Any CPU.ActiveCfg = Debug|Any CPU
		{E34CB20D-C384-44D4-53F9-B3E22B1C0D98}.Debug|Any CPU.Build.0 = Debug|Any CPU
		{E34CB20D-C384-44D4-53F9-B3E22B1C0D98}.Release|Any CPU.ActiveCfg = Release|Any CPU
		{E34CB20D-C384-44D4-53F9-B3E22B1C0D98}.Release|Any CPU.Build.0 = Release|Any CPU
		{F79D5E95-EB14-9B53-AF17-9B11B3AC8369}.Debug|Any CPU.ActiveCfg = Debug|Any CPU
		{F79D5E95-EB14-9B53-AF17-9B11B3AC8369}.Debug|Any CPU.Build.0 = Debug|Any CPU
		{F79D5E95-EB14-9B53-AF17-9B11B3AC8369}.Release|Any CPU.ActiveCfg = Release|Any CPU
		{F79D5E95-EB14-9B53-AF17-9B11B3AC8369}.Release|Any CPU.Build.0 = Release|Any CPU
		{24EB5927-0581-643B-EFB8-B8153DFBF4A1}.Debug|Any CPU.ActiveCfg = Debug|Any CPU
		{24EB5927-0581-643B-EFB8-B8153DFBF4A1}.Debug|Any CPU.Build.0 = Debug|Any CPU
		{24EB5927-0581-643B-EFB8-B8153DFBF4A1}.Release|Any CPU.ActiveCfg = Release|Any CPU
		{24EB5927-0581-643B-EFB8-B8153DFBF4A1}.Release|Any CPU.Build.0 = Release|Any CPU
		{18AC091C-B59F-749F-C75A-137B8C10DF58}.Debug|Any CPU.ActiveCfg = Debug|Any CPU
		{18AC091C-B59F-749F-C75A-137B8C10DF58}.Debug|Any CPU.Build.0 = Debug|Any CPU
		{18AC091C-B59F-749F-C75A-137B8C10DF58}.Release|Any CPU.ActiveCfg = Release|Any CPU
		{18AC091C-B59F-749F-C75A-137B8C10DF58}.Release|Any CPU.Build.0 = Release|Any CPU
		{579C5D86-42BC-2CE4-B512-CA13C77581A8}.Debug|Any CPU.ActiveCfg = Debug|Any CPU
		{579C5D86-42BC-2CE4-B512-CA13C77581A8}.Debug|Any CPU.Build.0 = Debug|Any CPU
		{579C5D86-42BC-2CE4-B512-CA13C77581A8}.Release|Any CPU.ActiveCfg = Release|Any CPU
		{579C5D86-42BC-2CE4-B512-CA13C77581A8}.Release|Any CPU.Build.0 = Release|Any CPU
		{B99083A0-3ED3-6DA5-7F4D-BF2289BBCCB9}.Debug|Any CPU.ActiveCfg = Debug|Any CPU
		{B99083A0-3ED3-6DA5-7F4D-BF2289BBCCB9}.Debug|Any CPU.Build.0 = Debug|Any CPU
		{B99083A0-3ED3-6DA5-7F4D-BF2289BBCCB9}.Release|Any CPU.ActiveCfg = Release|Any CPU
		{B99083A0-3ED3-6DA5-7F4D-BF2289BBCCB9}.Release|Any CPU.Build.0 = Release|Any CPU
		{1162FC5D-5FBD-4D4D-5932-444309C5CF41}.Debug|Any CPU.ActiveCfg = Debug|Any CPU
		{1162FC5D-5FBD-4D4D-5932-444309C5CF41}.Debug|Any CPU.Build.0 = Debug|Any CPU
		{1162FC5D-5FBD-4D4D-5932-444309C5CF41}.Release|Any CPU.ActiveCfg = Release|Any CPU
		{1162FC5D-5FBD-4D4D-5932-444309C5CF41}.Release|Any CPU.Build.0 = Release|Any CPU
		{F9F051AF-8497-E837-3FF5-4B86308F1745}.Debug|Any CPU.ActiveCfg = Debug|Any CPU
		{F9F051AF-8497-E837-3FF5-4B86308F1745}.Debug|Any CPU.Build.0 = Debug|Any CPU
		{F9F051AF-8497-E837-3FF5-4B86308F1745}.Release|Any CPU.ActiveCfg = Release|Any CPU
		{F9F051AF-8497-E837-3FF5-4B86308F1745}.Release|Any CPU.Build.0 = Release|Any CPU
		{149B6A80-87EF-37A9-0A1C-52CA6596638F}.Debug|Any CPU.ActiveCfg = Debug|Any CPU
		{149B6A80-87EF-37A9-0A1C-52CA6596638F}.Debug|Any CPU.Build.0 = Debug|Any CPU
		{149B6A80-87EF-37A9-0A1C-52CA6596638F}.Release|Any CPU.ActiveCfg = Release|Any CPU
		{149B6A80-87EF-37A9-0A1C-52CA6596638F}.Release|Any CPU.Build.0 = Release|Any CPU
		{C12373BD-9FED-F1DB-5A0B-B40922F4BDA6}.Debug|Any CPU.ActiveCfg = Debug|Any CPU
		{C12373BD-9FED-F1DB-5A0B-B40922F4BDA6}.Debug|Any CPU.Build.0 = Debug|Any CPU
		{C12373BD-9FED-F1DB-5A0B-B40922F4BDA6}.Release|Any CPU.ActiveCfg = Release|Any CPU
		{C12373BD-9FED-F1DB-5A0B-B40922F4BDA6}.Release|Any CPU.Build.0 = Release|Any CPU
		{B41ACEBC-93F6-B004-666C-089152E86D86}.Debug|Any CPU.ActiveCfg = Debug|Any CPU
		{B41ACEBC-93F6-B004-666C-089152E86D86}.Debug|Any CPU.Build.0 = Debug|Any CPU
		{B41ACEBC-93F6-B004-666C-089152E86D86}.Release|Any CPU.ActiveCfg = Release|Any CPU
		{B41ACEBC-93F6-B004-666C-089152E86D86}.Release|Any CPU.Build.0 = Release|Any CPU
		{7FA76993-921F-DAA3-D43C-873AD0638174}.Debug|Any CPU.ActiveCfg = Debug|Any CPU
		{7FA76993-921F-DAA3-D43C-873AD0638174}.Debug|Any CPU.Build.0 = Debug|Any CPU
		{7FA76993-921F-DAA3-D43C-873AD0638174}.Release|Any CPU.ActiveCfg = Release|Any CPU
		{7FA76993-921F-DAA3-D43C-873AD0638174}.Release|Any CPU.Build.0 = Release|Any CPU
		{DBD233A6-2424-398D-4DCC-39D631F4CD5E}.Debug|Any CPU.ActiveCfg = Debug|Any CPU
		{DBD233A6-2424-398D-4DCC-39D631F4CD5E}.Debug|Any CPU.Build.0 = Debug|Any CPU
		{DBD233A6-2424-398D-4DCC-39D631F4CD5E}.Release|Any CPU.ActiveCfg = Release|Any CPU
		{DBD233A6-2424-398D-4DCC-39D631F4CD5E}.Release|Any CPU.Build.0 = Release|Any CPU
		{B07DF5BB-BCC7-04EB-22CF-D667E1DEDC9B}.Debug|Any CPU.ActiveCfg = Debug|Any CPU
		{B07DF5BB-BCC7-04EB-22CF-D667E1DEDC9B}.Debug|Any CPU.Build.0 = Debug|Any CPU
		{B07DF5BB-BCC7-04EB-22CF-D667E1DEDC9B}.Release|Any CPU.ActiveCfg = Release|Any CPU
		{B07DF5BB-BCC7-04EB-22CF-D667E1DEDC9B}.Release|Any CPU.Build.0 = Release|Any CPU
		{B4171477-CFE8-07EF-1928-4B698CCF764E}.Debug|Any CPU.ActiveCfg = Debug|Any CPU
		{B4171477-CFE8-07EF-1928-4B698CCF764E}.Debug|Any CPU.Build.0 = Debug|Any CPU
		{B4171477-CFE8-07EF-1928-4B698CCF764E}.Release|Any CPU.ActiveCfg = Release|Any CPU
		{B4171477-CFE8-07EF-1928-4B698CCF764E}.Release|Any CPU.Build.0 = Release|Any CPU
		{FDB966E8-89B0-8FEC-C216-3FCEF904533E}.Debug|Any CPU.ActiveCfg = Debug|Any CPU
		{FDB966E8-89B0-8FEC-C216-3FCEF904533E}.Debug|Any CPU.Build.0 = Debug|Any CPU
		{FDB966E8-89B0-8FEC-C216-3FCEF904533E}.Release|Any CPU.ActiveCfg = Release|Any CPU
		{FDB966E8-89B0-8FEC-C216-3FCEF904533E}.Release|Any CPU.Build.0 = Release|Any CPU
		{58BE7CA8-B91F-F1DC-B6C0-849FE2745FE0}.Debug|Any CPU.ActiveCfg = Debug|Any CPU
		{58BE7CA8-B91F-F1DC-B6C0-849FE2745FE0}.Debug|Any CPU.Build.0 = Debug|Any CPU
		{58BE7CA8-B91F-F1DC-B6C0-849FE2745FE0}.Release|Any CPU.ActiveCfg = Release|Any CPU
		{58BE7CA8-B91F-F1DC-B6C0-849FE2745FE0}.Release|Any CPU.Build.0 = Release|Any CPU
		{C5AE7FA3-4845-2D18-D7CA-CB5D136C2845}.Debug|Any CPU.ActiveCfg = Debug|Any CPU
		{C5AE7FA3-4845-2D18-D7CA-CB5D136C2845}.Debug|Any CPU.Build.0 = Debug|Any CPU
		{C5AE7FA3-4845-2D18-D7CA-CB5D136C2845}.Release|Any CPU.ActiveCfg = Release|Any CPU
		{C5AE7FA3-4845-2D18-D7CA-CB5D136C2845}.Release|Any CPU.Build.0 = Release|Any CPU
		{26BEC9A8-AEAB-8D1F-0594-322B4A88FEEF}.Debug|Any CPU.ActiveCfg = Debug|Any CPU
		{26BEC9A8-AEAB-8D1F-0594-322B4A88FEEF}.Debug|Any CPU.Build.0 = Debug|Any CPU
		{26BEC9A8-AEAB-8D1F-0594-322B4A88FEEF}.Release|Any CPU.ActiveCfg = Release|Any CPU
		{26BEC9A8-AEAB-8D1F-0594-322B4A88FEEF}.Release|Any CPU.Build.0 = Release|Any CPU
		{B0A801D0-988E-13D1-64CF-1B4AEF11A9F5}.Debug|Any CPU.ActiveCfg = Debug|Any CPU
		{B0A801D0-988E-13D1-64CF-1B4AEF11A9F5}.Debug|Any CPU.Build.0 = Debug|Any CPU
		{B0A801D0-988E-13D1-64CF-1B4AEF11A9F5}.Release|Any CPU.ActiveCfg = Release|Any CPU
		{B0A801D0-988E-13D1-64CF-1B4AEF11A9F5}.Release|Any CPU.Build.0 = Release|Any CPU
	EndGlobalSection
	GlobalSection(SolutionProperties) = preSolution
		HideSolutionNode = FALSE
	EndGlobalSection
EndGlobal
